
Microsoft Visual Studio Solution File, Format Version 12.00
# Visual Studio Version 17
VisualStudioVersion = 17.8.34330.188
MinimumVisualStudioVersion = 10.0.40219.1
Project("{FAE04EC0-301F-11D3-BF4B-00C04F79EFBC}") = "OGRENCİ_NOT_KAYIT_SİSTEMİ", "OGRENCİ_NOT_KAYIT_SİSTEMİ.csproj", "{B7A1D185-EB2F-4C69-8A75-9FD99CAAF2F0}"
EndProject
Global
	GlobalSection(SolutionConfigurationPlatforms) = preSolution
		Debug|Any CPU = Debug|Any CPU
		Release|Any CPU = Release|Any CPU
	EndGlobalSection
	GlobalSection(ProjectConfigurationPlatforms) = postSolution
		{B7A1D185-EB2F-4C69-8A75-9FD99CAAF2F0}.Debug|Any CPU.ActiveCfg = Debug|Any CPU
		{B7A1D185-EB2F-4C69-8A75-9FD99CAAF2F0}.Debug|Any CPU.Build.0 = Debug|Any CPU
		{B7A1D185-EB2F-4C69-8A75-9FD99CAAF2F0}.Release|Any CPU.ActiveCfg = Release|Any CPU
		{B7A1D185-EB2F-4C69-8A75-9FD99CAAF2F0}.Release|Any CPU.Build.0 = Release|Any CPU
	EndGlobalSection
	GlobalSection(SolutionProperties) = preSolution
		HideSolutionNode = FALSE
	EndGlobalSection
	GlobalSection(ExtensibilityGlobals) = postSolution
		SolutionGuid = {F5B42C5D-5560-4935-8D69-269C96045DD2}
	EndGlobalSection
EndGlobal
